
Microsoft Visual Studio Solution File, Format Version 12.00
# Visual Studio 15
VisualStudioVersion = 15.0.26730.3
MinimumVisualStudioVersion = 10.0.40219.1
Project("{9A19103F-16F7-4668-BE54-9A1E7A4F7556}") = "Serilog.Sinks.Evl", "Serilog.Sinks.Evl\Serilog.Sinks.Evl.csproj", "{1FE9C888-BC5C-4843-A9E4-F811C5092D44}"
EndProject
Project("{9A19103F-16F7-4668-BE54-9A1E7A4F7556}") = "Swampnet.Evl", "Swampnet.Evl\Swampnet.Evl.csproj", "{EAA20804-3184-4E0C-B2E6-259456331284}"
EndProject
Project("{2150E333-8FDC-42A3-9474-1A3956D46DE8}") = "Tests", "Tests", "{FD44FAEF-50B1-413B-BFFC-A099A9463C92}"
EndProject
Project("{9A19103F-16F7-4668-BE54-9A1E7A4F7556}") = "IntegrationTests", "Tests\IntegrationTests\IntegrationTests.csproj", "{0ACE621F-CD1B-42E1-839F-4E817453EFB6}"
EndProject
Project("{9A19103F-16F7-4668-BE54-9A1E7A4F7556}") = "UnitTests", "Tests\UnitTests\UnitTests.csproj", "{A48E833C-F168-4BE3-B259-0B370D418781}"
EndProject
Project("{9A19103F-16F7-4668-BE54-9A1E7A4F7556}") = "Swampnet.Evl.Client", "Swampnet.Evl.Client\Swampnet.Evl.Client.csproj", "{FD97792C-5F40-4072-BF8F-CCAEEDC4DF20}"
EndProject
Project("{9A19103F-16F7-4668-BE54-9A1E7A4F7556}") = "Swampnet.Evl.Common", "Swampnet.Evl.Common\Swampnet.Evl.Common.csproj", "{A3FCAD8C-1E9B-403F-882A-19F22DF554A2}"
EndProject
Project("{2150E333-8FDC-42A3-9474-1A3956D46DE8}") = "DAL", "DAL", "{45C0730E-6BBE-4265-9F47-75B0DBF8C29A}"
EndProject
Project("{9A19103F-16F7-4668-BE54-9A1E7A4F7556}") = "Swampnet.Evl.DAL.InMemory", "DAL\Swampnet.Evl.DAL.InMemory\Swampnet.Evl.DAL.InMemory.csproj", "{49FC25D7-C919-48CD-9164-09848E370080}"
EndProject
Project("{2150E333-8FDC-42A3-9474-1A3956D46DE8}") = "Plugins", "Plugins", "{B46E28DE-6890-4BB4-B962-DB59ECFCE207}"
EndProject
Project("{9A19103F-16F7-4668-BE54-9A1E7A4F7556}") = "Swampnet.Evl.Plugins.Email", "Plugins\Swampnet.Evl.Plugins.Email\Swampnet.Evl.Plugins.Email.csproj", "{D62BA268-666F-45DD-A396-BD457AF95108}"
EndProject
Project("{2150E333-8FDC-42A3-9474-1A3956D46DE8}") = "Solution Items", "Solution Items", "{13039D43-A38F-47B8-9A70-9377974B691F}"
	ProjectSection(SolutionItems) = preProject
		readme.md = readme.md
	EndProjectSection
EndProject
Project("{9A19103F-16F7-4668-BE54-9A1E7A4F7556}") = "Swampnet.Evl.Web", "Swampnet.Evl.Web\Swampnet.Evl.Web.csproj", "{D5631A28-ADCD-4394-8B8E-778D654967AC}"
EndProject
Project("{FAE04EC0-301F-11D3-BF4B-00C04F79EFBC}") = "Swampnet.Evl.Plugins.Slack", "Plugins\Swampnet.Evl.Plugins.Slack\Swampnet.Evl.Plugins.Slack.csproj", "{A6C5720F-C305-46A3-81E4-A11EA65418ED}"
EndProject
Global
	GlobalSection(SolutionConfigurationPlatforms) = preSolution
		Debug|Any CPU = Debug|Any CPU
		Release|Any CPU = Release|Any CPU
	EndGlobalSection
	GlobalSection(ProjectConfigurationPlatforms) = postSolution
		{1FE9C888-BC5C-4843-A9E4-F811C5092D44}.Debug|Any CPU.ActiveCfg = Debug|Any CPU
		{1FE9C888-BC5C-4843-A9E4-F811C5092D44}.Debug|Any CPU.Build.0 = Debug|Any CPU
		{1FE9C888-BC5C-4843-A9E4-F811C5092D44}.Release|Any CPU.ActiveCfg = Release|Any CPU
		{1FE9C888-BC5C-4843-A9E4-F811C5092D44}.Release|Any CPU.Build.0 = Release|Any CPU
		{EAA20804-3184-4E0C-B2E6-259456331284}.Debug|Any CPU.ActiveCfg = Debug|Any CPU
		{EAA20804-3184-4E0C-B2E6-259456331284}.Debug|Any CPU.Build.0 = Debug|Any CPU
		{EAA20804-3184-4E0C-B2E6-259456331284}.Release|Any CPU.ActiveCfg = Release|Any CPU
		{EAA20804-3184-4E0C-B2E6-259456331284}.Release|Any CPU.Build.0 = Release|Any CPU
		{0ACE621F-CD1B-42E1-839F-4E817453EFB6}.Debug|Any CPU.ActiveCfg = Debug|Any CPU
		{0ACE621F-CD1B-42E1-839F-4E817453EFB6}.Debug|Any CPU.Build.0 = Debug|Any CPU
		{0ACE621F-CD1B-42E1-839F-4E817453EFB6}.Release|Any CPU.ActiveCfg = Release|Any CPU
		{0ACE621F-CD1B-42E1-839F-4E817453EFB6}.Release|Any CPU.Build.0 = Release|Any CPU
		{A48E833C-F168-4BE3-B259-0B370D418781}.Debug|Any CPU.ActiveCfg = Debug|Any CPU
		{A48E833C-F168-4BE3-B259-0B370D418781}.Debug|Any CPU.Build.0 = Debug|Any CPU
		{A48E833C-F168-4BE3-B259-0B370D418781}.Release|Any CPU.ActiveCfg = Release|Any CPU
		{A48E833C-F168-4BE3-B259-0B370D418781}.Release|Any CPU.Build.0 = Release|Any CPU
		{FD97792C-5F40-4072-BF8F-CCAEEDC4DF20}.Debug|Any CPU.ActiveCfg = Debug|Any CPU
		{FD97792C-5F40-4072-BF8F-CCAEEDC4DF20}.Debug|Any CPU.Build.0 = Debug|Any CPU
		{FD97792C-5F40-4072-BF8F-CCAEEDC4DF20}.Release|Any CPU.ActiveCfg = Release|Any CPU
		{FD97792C-5F40-4072-BF8F-CCAEEDC4DF20}.Release|Any CPU.Build.0 = Release|Any CPU
		{A3FCAD8C-1E9B-403F-882A-19F22DF554A2}.Debug|Any CPU.ActiveCfg = Debug|Any CPU
		{A3FCAD8C-1E9B-403F-882A-19F22DF554A2}.Debug|Any CPU.Build.0 = Debug|Any CPU
		{A3FCAD8C-1E9B-403F-882A-19F22DF554A2}.Release|Any CPU.ActiveCfg = Release|Any CPU
		{A3FCAD8C-1E9B-403F-882A-19F22DF554A2}.Release|Any CPU.Build.0 = Release|Any CPU
		{49FC25D7-C919-48CD-9164-09848E370080}.Debug|Any CPU.ActiveCfg = Debug|Any CPU
		{49FC25D7-C919-48CD-9164-09848E370080}.Debug|Any CPU.Build.0 = Debug|Any CPU
		{49FC25D7-C919-48CD-9164-09848E370080}.Release|Any CPU.ActiveCfg = Release|Any CPU
		{49FC25D7-C919-48CD-9164-09848E370080}.Release|Any CPU.Build.0 = Release|Any CPU
		{D62BA268-666F-45DD-A396-BD457AF95108}.Debug|Any CPU.ActiveCfg = Debug|Any CPU
		{D62BA268-666F-45DD-A396-BD457AF95108}.Debug|Any CPU.Build.0 = Debug|Any CPU
		{D62BA268-666F-45DD-A396-BD457AF95108}.Release|Any CPU.ActiveCfg = Release|Any CPU
		{D62BA268-666F-45DD-A396-BD457AF95108}.Release|Any CPU.Build.0 = Release|Any CPU
		{D5631A28-ADCD-4394-8B8E-778D654967AC}.Debug|Any CPU.ActiveCfg = Debug|Any CPU
		{D5631A28-ADCD-4394-8B8E-778D654967AC}.Debug|Any CPU.Build.0 = Debug|Any CPU
		{D5631A28-ADCD-4394-8B8E-778D654967AC}.Release|Any CPU.ActiveCfg = Release|Any CPU
		{D5631A28-ADCD-4394-8B8E-778D654967AC}.Release|Any CPU.Build.0 = Release|Any CPU
		{A6C5720F-C305-46A3-81E4-A11EA65418ED}.Debug|Any CPU.ActiveCfg = Debug|Any CPU
		{A6C5720F-C305-46A3-81E4-A11EA65418ED}.Debug|Any CPU.Build.0 = Debug|Any CPU
		{A6C5720F-C305-46A3-81E4-A11EA65418ED}.Release|Any CPU.ActiveCfg = Release|Any CPU
		{A6C5720F-C305-46A3-81E4-A11EA65418ED}.Release|Any CPU.Build.0 = Release|Any CPU
	EndGlobalSection
	GlobalSection(SolutionProperties) = preSolution
		HideSolutionNode = FALSE
	EndGlobalSection
	GlobalSection(NestedProjects) = preSolution
		{0ACE621F-CD1B-42E1-839F-4E817453EFB6} = {FD44FAEF-50B1-413B-BFFC-A099A9463C92}
		{A48E833C-F168-4BE3-B259-0B370D418781} = {FD44FAEF-50B1-413B-BFFC-A099A9463C92}
		{49FC25D7-C919-48CD-9164-09848E370080} = {45C0730E-6BBE-4265-9F47-75B0DBF8C29A}
		{D62BA268-666F-45DD-A396-BD457AF95108} = {B46E28DE-6890-4BB4-B962-DB59ECFCE207}
		{A6C5720F-C305-46A3-81E4-A11EA65418ED} = {B46E28DE-6890-4BB4-B962-DB59ECFCE207}
	EndGlobalSection
	GlobalSection(ExtensibilityGlobals) = postSolution
		SolutionGuid = {7662AB53-CF97-4F2F-863E-20F3110E5EFF}
	EndGlobalSection
EndGlobal
