
Microsoft Visual Studio Solution File, Format Version 12.00
# Visual Studio Version 16
VisualStudioVersion = 16.0.29326.143
MinimumVisualStudioVersion = 10.0.40219.1
Project("{9A19103F-16F7-4668-BE54-9A1E7A4F7556}") = "Swampnet.Evl.Functions", "Swampnet.Evl.Functions\Swampnet.Evl.Functions.csproj", "{F5A93129-908F-4017-BE52-36CE5F320C35}"
EndProject
Project("{2150E333-8FDC-42A3-9474-1A3956D46DE8}") = "Docs", "Docs", "{EF8D54C5-3414-4E13-944D-8CB12191D1A5}"
	ProjectSection(SolutionItems) = preProject
		azure-pipelines.yml = azure-pipelines.yml
		LICENSE.txt = LICENSE.txt
		readme.md = readme.md
	EndProjectSection
EndProject
Project("{9A19103F-16F7-4668-BE54-9A1E7A4F7556}") = "Swampnet.Evl", "Swampnet.Evl\Swampnet.Evl.csproj", "{B685963C-B912-451E-9C57-FBEFEE30F9E8}"
EndProject
Project("{9A19103F-16F7-4668-BE54-9A1E7A4F7556}") = "Swampnet.Evl.DAL", "Swampnet.Evl.DAL\Swampnet.Evl.DAL.csproj", "{EEAEE837-690D-4480-894A-42030C3E7798}"
EndProject
Global
	GlobalSection(SolutionConfigurationPlatforms) = preSolution
		Debug|Any CPU = Debug|Any CPU
		Release|Any CPU = Release|Any CPU
	EndGlobalSection
	GlobalSection(ProjectConfigurationPlatforms) = postSolution
		{F5A93129-908F-4017-BE52-36CE5F320C35}.Debug|Any CPU.ActiveCfg = Debug|Any CPU
		{F5A93129-908F-4017-BE52-36CE5F320C35}.Debug|Any CPU.Build.0 = Debug|Any CPU
		{F5A93129-908F-4017-BE52-36CE5F320C35}.Release|Any CPU.ActiveCfg = Release|Any CPU
		{F5A93129-908F-4017-BE52-36CE5F320C35}.Release|Any CPU.Build.0 = Release|Any CPU
		{B685963C-B912-451E-9C57-FBEFEE30F9E8}.Debug|Any CPU.ActiveCfg = Debug|Any CPU
		{B685963C-B912-451E-9C57-FBEFEE30F9E8}.Debug|Any CPU.Build.0 = Debug|Any CPU
		{B685963C-B912-451E-9C57-FBEFEE30F9E8}.Release|Any CPU.ActiveCfg = Release|Any CPU
		{B685963C-B912-451E-9C57-FBEFEE30F9E8}.Release|Any CPU.Build.0 = Release|Any CPU
		{EEAEE837-690D-4480-894A-42030C3E7798}.Debug|Any CPU.ActiveCfg = Debug|Any CPU
		{EEAEE837-690D-4480-894A-42030C3E7798}.Debug|Any CPU.Build.0 = Debug|Any CPU
		{EEAEE837-690D-4480-894A-42030C3E7798}.Release|Any CPU.ActiveCfg = Release|Any CPU
		{EEAEE837-690D-4480-894A-42030C3E7798}.Release|Any CPU.Build.0 = Release|Any CPU
	EndGlobalSection
	GlobalSection(SolutionProperties) = preSolution
		HideSolutionNode = FALSE
	EndGlobalSection
	GlobalSection(ExtensibilityGlobals) = postSolution
		SolutionGuid = {7662AB53-CF97-4F2F-863E-20F3110E5EFF}
	EndGlobalSection
EndGlobal
